
Microsoft Visual Studio Solution File, Format Version 12.00
Project("{FAE04EC0-301F-11D3-BF4B-00C04F79EFBC}") = "Calendar", "Calendar\Calendar.csproj", "{D1C40551-58A6-4257-AE0C-D5D78C2A4B06}"
EndProject
Global
	GlobalSection(SolutionConfigurationPlatforms) = preSolution
		Debug|Any CPU = Debug|Any CPU
		Release|Any CPU = Release|Any CPU
	EndGlobalSection
	GlobalSection(ProjectConfigurationPlatforms) = postSolution
		{D1C40551-58A6-4257-AE0C-D5D78C2A4B06}.Debug|Any CPU.ActiveCfg = Debug|Any CPU
		{D1C40551-58A6-4257-AE0C-D5D78C2A4B06}.Debug|Any CPU.Build.0 = Debug|Any CPU
		{D1C40551-58A6-4257-AE0C-D5D78C2A4B06}.Release|Any CPU.ActiveCfg = Release|Any CPU
		{D1C40551-58A6-4257-AE0C-D5D78C2A4B06}.Release|Any CPU.Build.0 = Release|Any CPU
	EndGlobalSection
EndGlobal
