
Microsoft Visual Studio Solution File, Format Version 12.00
# Visual Studio Version 16
VisualStudioVersion = 16.0.30804.86
MinimumVisualStudioVersion = 10.0.40219.1
Project("{FAE04EC0-301F-11D3-BF4B-00C04F79EFBC}") = "Plan_your_life", "Plan_your_life\Plan_your_life.csproj", "{7496AE62-74D2-4C58-B443-6E2D2B16CCC4}"
EndProject
Global
	GlobalSection(SolutionConfigurationPlatforms) = preSolution
		Debug|Any CPU = Debug|Any CPU
		Release|Any CPU = Release|Any CPU
	EndGlobalSection
	GlobalSection(ProjectConfigurationPlatforms) = postSolution
		{7496AE62-74D2-4C58-B443-6E2D2B16CCC4}.Debug|Any CPU.ActiveCfg = Debug|Any CPU
		{7496AE62-74D2-4C58-B443-6E2D2B16CCC4}.Debug|Any CPU.Build.0 = Debug|Any CPU
		{7496AE62-74D2-4C58-B443-6E2D2B16CCC4}.Release|Any CPU.ActiveCfg = Release|Any CPU
		{7496AE62-74D2-4C58-B443-6E2D2B16CCC4}.Release|Any CPU.Build.0 = Release|Any CPU
	EndGlobalSection
	GlobalSection(SolutionProperties) = preSolution
		HideSolutionNode = FALSE
	EndGlobalSection
	GlobalSection(ExtensibilityGlobals) = postSolution
		SolutionGuid = {B67EAC24-73F9-4CEB-B06C-FF7F576557B8}
	EndGlobalSection
EndGlobal
